
Microsoft Visual Studio Solution File, Format Version 12.00
# Visual Studio Version 17
VisualStudioVersion = 17.11.35219.272
MinimumVisualStudioVersion = 10.0.40219.1
Project("{FAE04EC0-301F-11D3-BF4B-00C04F79EFBC}") = "ARIAR_PayrollSystem", "ARIAR_PayrollSystem\ARIAR_PayrollSystem.csproj", "{2800833C-C47B-46C1-A116-789373F0B276}"
EndProject
Project("{9A19103F-16F7-4668-BE54-9A1E7A4F7556}") = "ARIAR_Payroll_API", "..\ARIAR_Payroll_API\ARIAR_Payroll_API\ARIAR_Payroll_API.csproj", "{8C9B2517-FBD1-4412-990E-51E5F0DA3D0B}"
EndProject
Project("{9A19103F-16F7-4668-BE54-9A1E7A4F7556}") = "Payroll_Library", "..\ARIAR_Payroll_API\Payroll_Library\Payroll_Library.csproj", "{D722177F-2133-4BE7-B214-E56B15391BED}"
EndProject
Global
	GlobalSection(SolutionConfigurationPlatforms) = preSolution
		Debug|Any CPU = Debug|Any CPU
		Debug|x64 = Debug|x64
		Release|Any CPU = Release|Any CPU
		Release|x64 = Release|x64
	EndGlobalSection
	GlobalSection(ProjectConfigurationPlatforms) = postSolution
		{2800833C-C47B-46C1-A116-789373F0B276}.Debug|Any CPU.ActiveCfg = Debug|x64
		{2800833C-C47B-46C1-A116-789373F0B276}.Debug|Any CPU.Build.0 = Debug|x64
		{2800833C-C47B-46C1-A116-789373F0B276}.Debug|x64.ActiveCfg = Debug|x64
		{2800833C-C47B-46C1-A116-789373F0B276}.Debug|x64.Build.0 = Debug|x64
		{2800833C-C47B-46C1-A116-789373F0B276}.Release|Any CPU.ActiveCfg = Release|Any CPU
		{2800833C-C47B-46C1-A116-789373F0B276}.Release|Any CPU.Build.0 = Release|Any CPU
		{2800833C-C47B-46C1-A116-789373F0B276}.Release|x64.ActiveCfg = Release|x64
		{2800833C-C47B-46C1-A116-789373F0B276}.Release|x64.Build.0 = Release|x64
		{8C9B2517-FBD1-4412-990E-51E5F0DA3D0B}.Debug|Any CPU.ActiveCfg = Debug|Any CPU
		{8C9B2517-FBD1-4412-990E-51E5F0DA3D0B}.Debug|Any CPU.Build.0 = Debug|Any CPU
		{8C9B2517-FBD1-4412-990E-51E5F0DA3D0B}.Debug|x64.ActiveCfg = Debug|Any CPU
		{8C9B2517-FBD1-4412-990E-51E5F0DA3D0B}.Debug|x64.Build.0 = Debug|Any CPU
		{8C9B2517-FBD1-4412-990E-51E5F0DA3D0B}.Release|Any CPU.ActiveCfg = Release|Any CPU
		{8C9B2517-FBD1-4412-990E-51E5F0DA3D0B}.Release|Any CPU.Build.0 = Release|Any CPU
		{8C9B2517-FBD1-4412-990E-51E5F0DA3D0B}.Release|x64.ActiveCfg = Release|Any CPU
		{8C9B2517-FBD1-4412-990E-51E5F0DA3D0B}.Release|x64.Build.0 = Release|Any CPU
		{D722177F-2133-4BE7-B214-E56B15391BED}.Debug|Any CPU.ActiveCfg = Debug|Any CPU
		{D722177F-2133-4BE7-B214-E56B15391BED}.Debug|Any CPU.Build.0 = Debug|Any CPU
		{D722177F-2133-4BE7-B214-E56B15391BED}.Debug|x64.ActiveCfg = Debug|Any CPU
		{D722177F-2133-4BE7-B214-E56B15391BED}.Debug|x64.Build.0 = Debug|Any CPU
		{D722177F-2133-4BE7-B214-E56B15391BED}.Release|Any CPU.ActiveCfg = Release|Any CPU
		{D722177F-2133-4BE7-B214-E56B15391BED}.Release|Any CPU.Build.0 = Release|Any CPU
		{D722177F-2133-4BE7-B214-E56B15391BED}.Release|x64.ActiveCfg = Release|Any CPU
		{D722177F-2133-4BE7-B214-E56B15391BED}.Release|x64.Build.0 = Release|Any CPU
	EndGlobalSection
	GlobalSection(SolutionProperties) = preSolution
		HideSolutionNode = FALSE
	EndGlobalSection
	GlobalSection(ExtensibilityGlobals) = postSolution
		SolutionGuid = {AA470A30-0DA7-4E65-A66C-E038B962A051}
	EndGlobalSection
EndGlobal
